{
  "name": "@jcgalvis/vtex.livestreaming",
  "version": "1.3.11",
  "lockfileVersion": 1,
  "requires": true,
  "dependencies": {
    "@apollo/client": {
      "version": "3.4.16",
      "resolved": "https://registry.npmjs.org/@apollo/client/-/client-3.4.16.tgz",
      "integrity": "sha512-iF4zEYwvebkri0BZQyv8zfavPfVEafsK0wkOofa6eC2yZu50J18uTutKtC174rjHZ2eyxZ8tV7NvAPKRT+OtZw==",
      "requires": {
        "@graphql-typed-document-node/core": "^3.0.0",
        "@wry/context": "^0.6.0",
        "@wry/equality": "^0.5.0",
        "@wry/trie": "^0.3.0",
        "graphql-tag": "^2.12.3",
        "hoist-non-react-statics": "^3.3.2",
        "optimism": "^0.16.1",
        "prop-types": "^15.7.2",
        "symbol-observable": "^4.0.0",
        "ts-invariant": "^0.9.0",
        "tslib": "^2.3.0",
        "zen-observable-ts": "~1.1.0"
      }
    },
    "@babel/runtime": {
      "version": "7.15.4",
      "resolved": "https://registry.npmjs.org/@babel/runtime/-/runtime-7.15.4.tgz",
      "integrity": "sha512-99catp6bHCaxr4sJ/DbTGgHS4+Rs2RVd2g7iOap6SLGPDknRK9ztKNsE/Fg6QhSeh1FGE5f6gHGQmvvn3I3xhw==",
      "requires": {
        "regenerator-runtime": "^0.13.4"
      }
    },
    "@emotion/cache": {
      "version": "11.4.0",
      "resolved": "https://registry.npmjs.org/@emotion/cache/-/cache-11.4.0.tgz",
      "integrity": "sha512-Zx70bjE7LErRO9OaZrhf22Qye1y4F7iDl+ITjet0J+i+B88PrAOBkKvaAWhxsZf72tDLajwCgfCjJ2dvH77C3g==",
      "requires": {
        "@emotion/memoize": "^0.7.4",
        "@emotion/sheet": "^1.0.0",
        "@emotion/utils": "^1.0.0",
        "@emotion/weak-memoize": "^0.2.5",
        "stylis": "^4.0.3"
      }
    },
    "@emotion/hash": {
      "version": "0.8.0",
      "resolved": "https://registry.npmjs.org/@emotion/hash/-/hash-0.8.0.tgz",
      "integrity": "sha512-kBJtf7PH6aWwZ6fka3zQ0p6SBYzx4fl1LoZXE2RrnYST9Xljm7WfKJrU4g/Xr3Beg72MLrp1AWNUmuYJTL7Cow=="
    },
    "@emotion/memoize": {
      "version": "0.7.5",
      "resolved": "https://registry.npmjs.org/@emotion/memoize/-/memoize-0.7.5.tgz",
      "integrity": "sha512-igX9a37DR2ZPGYtV6suZ6whr8pTFtyHL3K/oLUotxpSVO2ASaprmAe2Dkq7tBo7CRY7MMDrAa9nuQP9/YG8FxQ=="
    },
    "@emotion/react": {
      "version": "11.4.1",
      "resolved": "https://registry.npmjs.org/@emotion/react/-/react-11.4.1.tgz",
      "integrity": "sha512-pRegcsuGYj4FCdZN6j5vqCALkNytdrKw3TZMekTzNXixRg4wkLsU5QEaBG5LC6l01Vppxlp7FE3aTHpIG5phLg==",
      "requires": {
        "@babel/runtime": "^7.13.10",
        "@emotion/cache": "^11.4.0",
        "@emotion/serialize": "^1.0.2",
        "@emotion/sheet": "^1.0.2",
        "@emotion/utils": "^1.0.0",
        "@emotion/weak-memoize": "^0.2.5",
        "hoist-non-react-statics": "^3.3.1"
      }
    },
    "@emotion/serialize": {
      "version": "1.0.2",
      "resolved": "https://registry.npmjs.org/@emotion/serialize/-/serialize-1.0.2.tgz",
      "integrity": "sha512-95MgNJ9+/ajxU7QIAruiOAdYNjxZX7G2mhgrtDWswA21VviYIRP1R5QilZ/bDY42xiKsaktP4egJb3QdYQZi1A==",
      "requires": {
        "@emotion/hash": "^0.8.0",
        "@emotion/memoize": "^0.7.4",
        "@emotion/unitless": "^0.7.5",
        "@emotion/utils": "^1.0.0",
        "csstype": "^3.0.2"
      }
    },
    "@emotion/sheet": {
      "version": "1.0.2",
      "resolved": "https://registry.npmjs.org/@emotion/sheet/-/sheet-1.0.2.tgz",
      "integrity": "sha512-QQPB1B70JEVUHuNtzjHftMGv6eC3Y9wqavyarj4x4lg47RACkeSfNo5pxIOKizwS9AEFLohsqoaxGQj4p0vSIw=="
    },
    "@emotion/unitless": {
      "version": "0.7.5",
      "resolved": "https://registry.npmjs.org/@emotion/unitless/-/unitless-0.7.5.tgz",
      "integrity": "sha512-OWORNpfjMsSSUBVrRBVGECkhWcULOAJz9ZW8uK9qgxD+87M7jHRcvh/A96XXNhXTLmKcoYSQtBEX7lHMO7YRwg=="
    },
    "@emotion/utils": {
      "version": "1.0.0",
      "resolved": "https://registry.npmjs.org/@emotion/utils/-/utils-1.0.0.tgz",
      "integrity": "sha512-mQC2b3XLDs6QCW+pDQDiyO/EdGZYOygE8s5N5rrzjSI4M3IejPE/JPndCBwRT9z982aqQNi6beWs1UeayrQxxA=="
    },
    "@emotion/weak-memoize": {
      "version": "0.2.5",
      "resolved": "https://registry.npmjs.org/@emotion/weak-memoize/-/weak-memoize-0.2.5.tgz",
      "integrity": "sha512-6U71C2Wp7r5XtFtQzYrW5iKFT67OixrSxjI4MptCHzdSVlgabczzqLe0ZSgnub/5Kp4hSbpDB1tMytZY9pwxxA=="
    },
    "@formatjs/ecma402-abstract": {
      "version": "1.9.9",
      "resolved": "https://registry.npmjs.org/@formatjs/ecma402-abstract/-/ecma402-abstract-1.9.9.tgz",
      "integrity": "sha512-w2HpUW17Ev8UN8G1fSvl0skCLP+HkhGZii0ALaBXYc7rd3osD2s8EF2ihSNkeEeC6aySX1IAkRm0f4lnE8Jeaw==",
      "requires": {
        "@formatjs/intl-localematcher": "0.2.21",
        "tslib": "^2.1.0"
      }
    },
    "@formatjs/fast-memoize": {
      "version": "1.2.0",
      "resolved": "https://registry.npmjs.org/@formatjs/fast-memoize/-/fast-memoize-1.2.0.tgz",
      "integrity": "sha512-fObitP9Tlc31SKrPHgkPgQpGo4+4yXfQQITTCNH8AZdEqB7Mq4nPrjpUL/tNGN3lEeJcFxDbi0haX8HM7QvQ8w==",
      "requires": {
        "tslib": "^2.1.0"
      }
    },
    "@formatjs/icu-messageformat-parser": {
      "version": "2.0.12",
      "resolved": "https://registry.npmjs.org/@formatjs/icu-messageformat-parser/-/icu-messageformat-parser-2.0.12.tgz",
      "integrity": "sha512-X/tdbKLfVBc2yJRX+xC3uqYxXkp9336FhSS1Hb6kU6pSOU+EseylS3a/vjFOKjol1qQ5BSIQd8YPWtOOt3KcWA==",
      "requires": {
        "@formatjs/ecma402-abstract": "1.9.9",
        "@formatjs/icu-skeleton-parser": "1.2.13",
        "tslib": "^2.1.0"
      }
    },
    "@formatjs/icu-skeleton-parser": {
      "version": "1.2.13",
      "resolved": "https://registry.npmjs.org/@formatjs/icu-skeleton-parser/-/icu-skeleton-parser-1.2.13.tgz",
      "integrity": "sha512-PHK4kdIcNTI15ASyn6dCA2cxzUPHE+UK/FsBkPULNpKgPWEZIYAFO9PgG0a9SDcIIr7Ta3SPPbUZGKRXT3d+ng==",
      "requires": {
        "@formatjs/ecma402-abstract": "1.9.9",
        "tslib": "^2.1.0"
      }
    },
    "@formatjs/intl": {
      "version": "1.14.2",
      "resolved": "https://registry.npmjs.org/@formatjs/intl/-/intl-1.14.2.tgz",
      "integrity": "sha512-bZhKS7STrxR1DOU0zudYKn3wsMsZN+PbJLbZ1JU+cQkjs7l8CzQmjZ+wlzQU1jvjvsypZbJeLnwz2yY7DvktUg==",
      "requires": {
        "@formatjs/ecma402-abstract": "1.9.9",
        "@formatjs/fast-memoize": "1.2.0",
        "@formatjs/icu-messageformat-parser": "2.0.12",
        "@formatjs/intl-displaynames": "5.2.4",
        "@formatjs/intl-listformat": "6.3.4",
        "intl-messageformat": "9.9.2",
        "tslib": "^2.1.0"
      }
    },
    "@formatjs/intl-datetimeformat": {
      "version": "4.2.4",
      "resolved": "https://registry.npmjs.org/@formatjs/intl-datetimeformat/-/intl-datetimeformat-4.2.4.tgz",
      "integrity": "sha512-CKq0G3jeyhQpc9XMqm1S232NdTYCvct2i6EWPnOoZTy/yLE+HhK2R+uiu+pI9+j7JB4zzNiicUGhOnuEhLE25g==",
      "requires": {
        "@formatjs/ecma402-abstract": "1.9.9",
        "@formatjs/intl-localematcher": "0.2.21",
        "tslib": "^2.1.0"
      }
    },
    "@formatjs/intl-displaynames": {
      "version": "5.2.4",
      "resolved": "https://registry.npmjs.org/@formatjs/intl-displaynames/-/intl-displaynames-5.2.4.tgz",
      "integrity": "sha512-04ePaKLSuM8hHYiFEtpauYBCJzALktgwDo2T9CAyffO4ULYVjQbjcqIpKV2Ik5I7CZLbKVbMfWHis+VhNENNgQ==",
      "requires": {
        "@formatjs/ecma402-abstract": "1.9.9",
        "@formatjs/intl-localematcher": "0.2.21",
        "tslib": "^2.1.0"
      }
    },
    "@formatjs/intl-listformat": {
      "version": "6.3.4",
      "resolved": "https://registry.npmjs.org/@formatjs/intl-listformat/-/intl-listformat-6.3.4.tgz",
      "integrity": "sha512-CofbXe8IXIniUX12jpnPNwnLtx/qLzpTvOcNeilqerwPTe/br0qdlpMorcTDS0CM40ourSb5WbkHftZNbytWSA==",
      "requires": {
        "@formatjs/ecma402-abstract": "1.9.9",
        "@formatjs/intl-localematcher": "0.2.21",
        "tslib": "^2.1.0"
      }
    },
    "@formatjs/intl-localematcher": {
      "version": "0.2.21",
      "resolved": "https://registry.npmjs.org/@formatjs/intl-localematcher/-/intl-localematcher-0.2.21.tgz",
      "integrity": "sha512-JTJeLiNwexN4Gy0cMxoUPvJbKhXdnSuo5jPrDafEZpnDWlJ5VDYta8zUVVozO/pwzEmFVHEUpgiEDj+39L4oMg==",
      "requires": {
        "tslib": "^2.1.0"
      }
    },
    "@graphql-typed-document-node/core": {
      "version": "3.1.0",
      "resolved": "https://registry.npmjs.org/@graphql-typed-document-node/core/-/core-3.1.0.tgz",
      "integrity": "sha512-wYn6r8zVZyQJ6rQaALBEln5B1pzxb9shV5Ef97kTvn6yVGrqyXVnDqnU24MXnFubR+rZjBY9NWuxX3FB2sTsjg=="
    },
    "@types/hoist-non-react-statics": {
      "version": "3.3.1",
      "resolved": "https://registry.npmjs.org/@types/hoist-non-react-statics/-/hoist-non-react-statics-3.3.1.tgz",
      "integrity": "sha512-iMIqiko6ooLrTh1joXodJK5X9xeEALT1kM5G3ZLhD3hszxBdIEd5C75U834D9mLcINgD4OyZf5uQXjkuYydWvA==",
      "requires": {
        "@types/react": "*",
        "hoist-non-react-statics": "^3.3.0"
      },
      "dependencies": {
        "@types/react": {
          "version": "17.0.27",
          "resolved": "https://registry.npmjs.org/@types/react/-/react-17.0.27.tgz",
          "integrity": "sha512-zgiJwtsggVGtr53MndV7jfiUESTqrbxOcBvwfe6KS/9bzaVPCTDieTWnFNecVNx6EAaapg5xsLLWFfHHR437AA==",
          "requires": {
            "@types/prop-types": "*",
            "@types/scheduler": "*",
            "csstype": "^3.0.2"
          }
        }
      }
    },
    "@types/prop-types": {
      "version": "15.7.4",
      "resolved": "https://registry.npmjs.org/@types/prop-types/-/prop-types-15.7.4.tgz",
      "integrity": "sha512-rZ5drC/jWjrArrS8BR6SIr4cWpW09RNTYt9AMZo3Jwwif+iacXAqgVjm0B0Bv/S1jhDXKHqRVNCbACkJ89RAnQ=="
    },
    "@types/scheduler": {
      "version": "0.16.2",
      "resolved": "https://registry.npmjs.org/@types/scheduler/-/scheduler-0.16.2.tgz",
      "integrity": "sha512-hppQEBDmlwhFAXKJX2KnWLYu5yMfi91yazPb2l+lbJiwW+wdo1gNeRA+3RgNSO39WYX2euey41KEwnqesU2Jew=="
    },
    "@types/zen-observable": {
      "version": "0.8.3",
      "resolved": "https://registry.npmjs.org/@types/zen-observable/-/zen-observable-0.8.3.tgz",
      "integrity": "sha512-fbF6oTd4sGGy0xjHPKAt+eS2CrxJ3+6gQ3FGcBoIJR2TLAyCkCyI8JqZNy+FeON0AhVgNJoUumVoZQjBFUqHkw=="
    },
    "@wry/context": {
      "version": "0.6.1",
      "resolved": "https://registry.npmjs.org/@wry/context/-/context-0.6.1.tgz",
      "integrity": "sha512-LOmVnY1iTU2D8tv4Xf6MVMZZ+juIJ87Kt/plMijjN20NMAXGmH4u8bS1t0uT74cZ5gwpocYueV58YwyI8y+GKw==",
      "requires": {
        "tslib": "^2.3.0"
      }
    },
    "@wry/equality": {
      "version": "0.5.2",
      "resolved": "https://registry.npmjs.org/@wry/equality/-/equality-0.5.2.tgz",
      "integrity": "sha512-oVMxbUXL48EV/C0/M7gLVsoK6qRHPS85x8zECofEZOVvxGmIPLA9o5Z27cc2PoAyZz1S2VoM2A7FLAnpfGlneA==",
      "requires": {
        "tslib": "^2.3.0"
      }
    },
    "@wry/trie": {
      "version": "0.3.1",
      "resolved": "https://registry.npmjs.org/@wry/trie/-/trie-0.3.1.tgz",
      "integrity": "sha512-WwB53ikYudh9pIorgxrkHKrQZcCqNM/Q/bDzZBffEaGUKGuHrRb3zZUT9Sh2qw9yogC7SsdRmQ1ER0pqvd3bfw==",
      "requires": {
        "tslib": "^2.3.0"
      }
    },
    "csstype": {
      "version": "3.0.9",
      "resolved": "https://registry.npmjs.org/csstype/-/csstype-3.0.9.tgz",
      "integrity": "sha512-rpw6JPxK6Rfg1zLOYCSwle2GFOOsnjmDYDaBwEcwoOg4qlsIVCN789VkBZDJAGi4T07gI4YSutR43t9Zz4Lzuw=="
    },
    "dom-helpers": {
      "version": "5.2.1",
      "resolved": "https://registry.npmjs.org/dom-helpers/-/dom-helpers-5.2.1.tgz",
      "integrity": "sha512-nRCa7CK3VTrM2NmGkIy4cbK7IZlgBE/PYMn55rrXefr5xXDP0LdtfPnblFDoVdcAfslJ7or6iqAUnx0CCGIWQA==",
      "requires": {
        "@babel/runtime": "^7.8.7",
        "csstype": "^3.0.2"
      }
    },
    "graphql": {
      "version": "15.6.1",
      "resolved": "https://registry.npmjs.org/graphql/-/graphql-15.6.1.tgz",
      "integrity": "sha512-3i5lu0z6dRvJ48QP9kFxBkJ7h4Kso7PS8eahyTFz5Jm6CvQfLtNIE8LX9N6JLnXTuwR+sIYnXzaWp6anOg0QQw=="
    },
    "graphql-tag": {
      "version": "2.12.5",
      "resolved": "https://registry.npmjs.org/graphql-tag/-/graphql-tag-2.12.5.tgz",
      "integrity": "sha512-5xNhP4063d16Pz3HBtKprutsPrmHZi5IdUGOWRxA2B6VF7BIRGOHZ5WQvDmJXZuPcBg7rYwaFxvQYjqkSdR3TQ==",
      "requires": {
        "tslib": "^2.1.0"
      }
    },
    "hoist-non-react-statics": {
      "version": "3.3.2",
      "resolved": "https://registry.npmjs.org/hoist-non-react-statics/-/hoist-non-react-statics-3.3.2.tgz",
      "integrity": "sha512-/gGivxi8JPKWNm/W0jSmzcMPpfpPLc3dY/6GxhX2hQ9iGj3aDfklV4ET7NjKpSinLpJ5vafa9iiGIEZg10SfBw==",
      "requires": {
        "react-is": "^16.7.0"
      }
    },
    "intl-messageformat": {
      "version": "9.9.2",
      "resolved": "https://registry.npmjs.org/intl-messageformat/-/intl-messageformat-9.9.2.tgz",
      "integrity": "sha512-IR/bOP7XUrCxrlgFlZeHXixIT29BNd/1bOS8leElk5sQfvGvsDVoTGI+wLpvWG4INIBQNj8vjxgxlbquB12vog==",
      "requires": {
        "@formatjs/fast-memoize": "1.2.0",
        "@formatjs/icu-messageformat-parser": "2.0.12",
        "tslib": "^2.1.0"
      }
    },
    "js-tokens": {
      "version": "4.0.0",
      "resolved": "https://registry.npmjs.org/js-tokens/-/js-tokens-4.0.0.tgz",
      "integrity": "sha512-RdJUflcE3cUzKiMqQgsCu06FPu9UdIJO0beYbPhHN4k6apgJtifcoCtT9bcxOpYBtpD2kCM6Sbzg4CausW/PKQ=="
    },
    "kuikpay-sdk": {
      "version": "0.0.65",
      "resolved": "https://registry.npmjs.org/kuikpay-sdk/-/kuikpay-sdk-0.0.65.tgz",
      "integrity": "sha512-r9kBB6JpPjx41+b4cts3ldMvI1fTgg9dWA+ykNIKTisK5+NoRLhCUeZPeFn+XbrEMQnjJm7EdXckILSX/Z8M+w==",
      "requires": {
        "@apollo/client": "^3.3.21",
        "@formatjs/intl-datetimeformat": "^4.2.3",
        "graphql": "^15.5.1",
        "react-collapsible": "^2.8.3",
        "react-intl": "^5.20.10",
        "react-select": "^4.3.1"
      }
    },
    "loose-envify": {
      "version": "1.4.0",
      "resolved": "https://registry.npmjs.org/loose-envify/-/loose-envify-1.4.0.tgz",
      "integrity": "sha512-lyuxPGr/Wfhrlem2CL/UcnUc1zcqKAImBDzukY7Y5F/yQiNdko6+fRLevlw1HgMySw7f611UIY408EtxRSoK3Q==",
      "requires": {
        "js-tokens": "^3.0.0 || ^4.0.0"
      }
    },
    "memoize-one": {
      "version": "5.2.1",
      "resolved": "https://registry.npmjs.org/memoize-one/-/memoize-one-5.2.1.tgz",
      "integrity": "sha512-zYiwtZUcYyXKo/np96AGZAckk+FWWsUdJ3cHGGmld7+AhvcWmQyGCYUh1hc4Q/pkOhb65dQR/pqCyK0cOaHz4Q=="
    },
    "object-assign": {
      "version": "4.1.1",
      "resolved": "https://registry.npmjs.org/object-assign/-/object-assign-4.1.1.tgz",
      "integrity": "sha1-IQmtx5ZYh8/AXLvUQsrIv7s2CGM="
    },
    "optimism": {
      "version": "0.16.1",
      "resolved": "https://registry.npmjs.org/optimism/-/optimism-0.16.1.tgz",
      "integrity": "sha512-64i+Uw3otrndfq5kaoGNoY7pvOhSsjFEN4bdEFh80MWVk/dbgJfMv7VFDeCT8LxNAlEVhQmdVEbfE7X2nWNIIg==",
      "requires": {
        "@wry/context": "^0.6.0",
        "@wry/trie": "^0.3.0"
      }
    },
    "prop-types": {
      "version": "15.7.2",
      "resolved": "https://registry.npmjs.org/prop-types/-/prop-types-15.7.2.tgz",
      "integrity": "sha512-8QQikdH7//R2vurIJSutZ1smHYTcLpRWEOlHnzcWHmBYrOGUysKwSsrC89BCiFj3CbrfJ/nXFdJepOVrY1GCHQ==",
      "requires": {
        "loose-envify": "^1.4.0",
        "object-assign": "^4.1.1",
        "react-is": "^16.8.1"
      }
    },
    "react-collapsible": {
      "version": "2.8.4",
      "resolved": "https://registry.npmjs.org/react-collapsible/-/react-collapsible-2.8.4.tgz",
      "integrity": "sha512-oG4yOk6AGKswe0OD/8t3/nf4Rgj4UhlZUUvqL5jop0/ez02B3dBDmNvs3sQz0PcTpJvt0ai8zF7Atd1SzN/UNw=="
    },
    "react-input-autosize": {
      "version": "3.0.0",
      "resolved": "https://registry.npmjs.org/react-input-autosize/-/react-input-autosize-3.0.0.tgz",
      "integrity": "sha512-nL9uS7jEs/zu8sqwFE5MAPx6pPkNAriACQ2rGLlqmKr2sPGtN7TXTyDdQt4lbNXVx7Uzadb40x8qotIuru6Rhg==",
      "requires": {
        "prop-types": "^15.5.8"
      }
    },
    "react-intl": {
      "version": "5.20.12",
      "resolved": "https://registry.npmjs.org/react-intl/-/react-intl-5.20.12.tgz",
      "integrity": "sha512-5Vcjcz/1WRiLMft6daLZpH2To66GV9YYSTJOCSAKaiOox9mAciLJTtHB+3l4zMTVPt0JVHEXEWkILDdSQaSbZw==",
      "requires": {
        "@formatjs/ecma402-abstract": "1.9.9",
        "@formatjs/icu-messageformat-parser": "2.0.12",
        "@formatjs/intl": "1.14.2",
        "@formatjs/intl-displaynames": "5.2.4",
        "@formatjs/intl-listformat": "6.3.4",
        "@types/hoist-non-react-statics": "^3.3.1",
        "@types/react": "16 || 17",
        "hoist-non-react-statics": "^3.3.2",
        "intl-messageformat": "9.9.2",
        "tslib": "^2.1.0"
      },
      "dependencies": {
        "@types/react": {
          "version": "17.0.27",
          "resolved": "https://registry.npmjs.org/@types/react/-/react-17.0.27.tgz",
          "integrity": "sha512-zgiJwtsggVGtr53MndV7jfiUESTqrbxOcBvwfe6KS/9bzaVPCTDieTWnFNecVNx6EAaapg5xsLLWFfHHR437AA==",
          "requires": {
            "@types/prop-types": "*",
            "@types/scheduler": "*",
            "csstype": "^3.0.2"
          }
        }
      }
    },
    "react-is": {
      "version": "16.13.1",
      "resolved": "https://registry.npmjs.org/react-is/-/react-is-16.13.1.tgz",
      "integrity": "sha512-24e6ynE2H+OKt4kqsOvNd8kBpV65zoxbA4BVsEOB3ARVWQki/DHzaUoC5KuON/BiccDaCCTZBuOcfZs70kR8bQ=="
    },
    "react-select": {
      "version": "4.3.1",
      "resolved": "https://registry.npmjs.org/react-select/-/react-select-4.3.1.tgz",
      "integrity": "sha512-HBBd0dYwkF5aZk1zP81Wx5UsLIIT2lSvAY2JiJo199LjoLHoivjn9//KsmvQMEFGNhe58xyuOITjfxKCcGc62Q==",
      "requires": {
        "@babel/runtime": "^7.12.0",
        "@emotion/cache": "^11.4.0",
        "@emotion/react": "^11.1.1",
        "memoize-one": "^5.0.0",
        "prop-types": "^15.6.0",
        "react-input-autosize": "^3.0.0",
        "react-transition-group": "^4.3.0"
      },
      "dependencies": {
        "react-transition-group": {
          "version": "4.4.2",
          "resolved": "https://registry.npmjs.org/react-transition-group/-/react-transition-group-4.4.2.tgz",
          "integrity": "sha512-/RNYfRAMlZwDSr6z4zNKV6xu53/e2BuaBbGhbyYIXTrmgu/bGHzmqOs7mJSJBHy9Ud+ApHx3QjrkKSp1pxvlFg==",
          "requires": {
            "@babel/runtime": "^7.5.5",
            "dom-helpers": "^5.0.1",
            "loose-envify": "^1.4.0",
            "prop-types": "^15.6.2"
          }
        }
      }
    },
    "regenerator-runtime": {
      "version": "0.13.9",
      "resolved": "https://registry.npmjs.org/regenerator-runtime/-/regenerator-runtime-0.13.9.tgz",
      "integrity": "sha512-p3VT+cOEgxFsRRA9X4lkI1E+k2/CtnKtU4gcxyaCUreilL/vqI6CdZ3wxVUx3UOUg+gnUOQQcRI7BmSI656MYA=="
    },
    "stylis": {
      "version": "4.0.10",
      "resolved": "https://registry.npmjs.org/stylis/-/stylis-4.0.10.tgz",
      "integrity": "sha512-m3k+dk7QeJw660eIKRRn3xPF6uuvHs/FFzjX3HQ5ove0qYsiygoAhwn5a3IYKaZPo5LrYD0rfVmtv1gNY1uYwg=="
    },
    "symbol-observable": {
      "version": "4.0.0",
      "resolved": "https://registry.npmjs.org/symbol-observable/-/symbol-observable-4.0.0.tgz",
      "integrity": "sha512-b19dMThMV4HVFynSAM1++gBHAbk2Tc/osgLIBZMKsyqh34jb2e8Os7T6ZW/Bt3pJFdBTd2JwAnAAEQV7rSNvcQ=="
    },
    "ts-invariant": {
      "version": "0.9.3",
      "resolved": "https://registry.npmjs.org/ts-invariant/-/ts-invariant-0.9.3.tgz",
      "integrity": "sha512-HinBlTbFslQI0OHP07JLsSXPibSegec6r9ai5xxq/qHYCsIQbzpymLpDhAUsnXcSrDEcd0L62L8vsOEdzM0qlA==",
      "requires": {
        "tslib": "^2.1.0"
      }
    },
    "tslib": {
      "version": "2.3.1",
      "resolved": "https://registry.npmjs.org/tslib/-/tslib-2.3.1.tgz",
      "integrity": "sha512-77EbyPPpMz+FRFRuAFlWMtmgUWGe9UOG2Z25NqCwiIjRhOf5iKGuzSe5P2w1laq+FkRy4p+PCuVkJSGkzTEKVw=="
    },
    "zen-observable": {
      "version": "0.8.15",
      "resolved": "https://registry.npmjs.org/zen-observable/-/zen-observable-0.8.15.tgz",
      "integrity": "sha512-PQ2PC7R9rslx84ndNBZB/Dkv8V8fZEpk83RLgXtYd0fwUgEjseMn1Dgajh2x6S8QbZAFa9p2qVCEuYZNgve0dQ=="
    },
    "zen-observable-ts": {
      "version": "1.1.0",
      "resolved": "https://registry.npmjs.org/zen-observable-ts/-/zen-observable-ts-1.1.0.tgz",
      "integrity": "sha512-1h4zlLSqI2cRLPJUHJFL8bCWHhkpuXkF+dbGkRaWjgDIG26DmzyshUMrdV/rL3UnR+mhaX4fRq8LPouq0MYYIA==",
      "requires": {
        "@types/zen-observable": "0.8.3",
        "zen-observable": "0.8.15"
      }
    }
  }
}
